
Microsoft Visual Studio Solution File, Format Version 11.00
# Visual Studio 2010
Project("{FAE04EC0-301F-11D3-BF4B-00C04F79EFBC}") = "Assembly-CSharp", "Assembly-CSharp.csproj", "{2106585b-b409-cb68-b5f4-5b9dd210a60f}"
EndProject
Project("{FAE04EC0-301F-11D3-BF4B-00C04F79EFBC}") = "Oculus.VR", "Oculus.VR.csproj", "{2b6f466b-a072-9847-dfd4-67e4ae909038}"
EndProject
Project("{FAE04EC0-301F-11D3-BF4B-00C04F79EFBC}") = "Oculus.Platform", "Oculus.Platform.csproj", "{08345a60-69e5-f536-aee5-bb2e4d4830c0}"
EndProject
Project("{FAE04EC0-301F-11D3-BF4B-00C04F79EFBC}") = "Assembly-CSharp-Editor", "Assembly-CSharp-Editor.csproj", "{c0d2c93c-61c4-d907-edf3-4ffb4de5c299}"
EndProject
Project("{FAE04EC0-301F-11D3-BF4B-00C04F79EFBC}") = "Oculus.VR.Scripts.Editor", "Oculus.VR.Scripts.Editor.csproj", "{c840eb54-8467-70cf-35d6-28a8347df7df}"
EndProject
Project("{FAE04EC0-301F-11D3-BF4B-00C04F79EFBC}") = "Oculus.VR.Editor", "Oculus.VR.Editor.csproj", "{0a42e255-0843-6b28-9be0-1ab4198227cc}"
EndProject
Project("{FAE04EC0-301F-11D3-BF4B-00C04F79EFBC}") = "Oculus.Platform.Editor", "Oculus.Platform.Editor.csproj", "{7f77ba07-2a12-2418-488c-4be7d07f24b7}"
EndProject
Global
	GlobalSection(SolutionConfigurationPlatforms) = preSolution
		Debug|Any CPU = Debug|Any CPU
	EndGlobalSection
	GlobalSection(ProjectConfigurationPlatforms) = postSolution
		{2106585b-b409-cb68-b5f4-5b9dd210a60f}.Debug|Any CPU.ActiveCfg = Debug|Any CPU
		{2106585b-b409-cb68-b5f4-5b9dd210a60f}.Debug|Any CPU.Build.0 = Debug|Any CPU
		{2b6f466b-a072-9847-dfd4-67e4ae909038}.Debug|Any CPU.ActiveCfg = Debug|Any CPU
		{2b6f466b-a072-9847-dfd4-67e4ae909038}.Debug|Any CPU.Build.0 = Debug|Any CPU
		{08345a60-69e5-f536-aee5-bb2e4d4830c0}.Debug|Any CPU.ActiveCfg = Debug|Any CPU
		{08345a60-69e5-f536-aee5-bb2e4d4830c0}.Debug|Any CPU.Build.0 = Debug|Any CPU
		{c0d2c93c-61c4-d907-edf3-4ffb4de5c299}.Debug|Any CPU.ActiveCfg = Debug|Any CPU
		{c0d2c93c-61c4-d907-edf3-4ffb4de5c299}.Debug|Any CPU.Build.0 = Debug|Any CPU
		{c840eb54-8467-70cf-35d6-28a8347df7df}.Debug|Any CPU.ActiveCfg = Debug|Any CPU
		{c840eb54-8467-70cf-35d6-28a8347df7df}.Debug|Any CPU.Build.0 = Debug|Any CPU
		{0a42e255-0843-6b28-9be0-1ab4198227cc}.Debug|Any CPU.ActiveCfg = Debug|Any CPU
		{0a42e255-0843-6b28-9be0-1ab4198227cc}.Debug|Any CPU.Build.0 = Debug|Any CPU
		{7f77ba07-2a12-2418-488c-4be7d07f24b7}.Debug|Any CPU.ActiveCfg = Debug|Any CPU
		{7f77ba07-2a12-2418-488c-4be7d07f24b7}.Debug|Any CPU.Build.0 = Debug|Any CPU
	EndGlobalSection
	GlobalSection(SolutionProperties) = preSolution
		HideSolutionNode = FALSE
	EndGlobalSection
EndGlobal
